
Microsoft Visual Studio Solution File, Format Version 12.00
# Visual Studio Version 17
VisualStudioVersion = 17.6.33723.286
MinimumVisualStudioVersion = 10.0.40219.1
Project("{9A19103F-16F7-4668-BE54-9A1E7A4F7556}") = "TerrariaOverhaul", "TerrariaOverhaul.csproj", "{08922ECB-AC94-4DDE-BAEC-D55F976D24D7}"
EndProject
Project("{9A19103F-16F7-4668-BE54-9A1E7A4F7556}") = "TerrariaOverhaul.BuildTools", "BuildTools\TerrariaOverhaul.BuildTools.csproj", "{DC0EE5E3-3A12-4F06-BC75-C3760B026047}"
EndProject
Global
	GlobalSection(SolutionConfigurationPlatforms) = preSolution
		Debug|Any CPU = Debug|Any CPU
		Debug|x86 = Debug|x86
		Release|Any CPU = Release|Any CPU
		Release|x86 = Release|x86
	EndGlobalSection
	GlobalSection(ProjectConfigurationPlatforms) = postSolution
		{08922ECB-AC94-4DDE-BAEC-D55F976D24D7}.Debug|Any CPU.ActiveCfg = Debug|Any CPU
		{08922ECB-AC94-4DDE-BAEC-D55F976D24D7}.Debug|Any CPU.Build.0 = Debug|Any CPU
		{08922ECB-AC94-4DDE-BAEC-D55F976D24D7}.Debug|x86.ActiveCfg = Debug|Any CPU
		{08922ECB-AC94-4DDE-BAEC-D55F976D24D7}.Debug|x86.Build.0 = Debug|Any CPU
		{08922ECB-AC94-4DDE-BAEC-D55F976D24D7}.Release|Any CPU.ActiveCfg = Release|Any CPU
		{08922ECB-AC94-4DDE-BAEC-D55F976D24D7}.Release|Any CPU.Build.0 = Release|Any CPU
		{08922ECB-AC94-4DDE-BAEC-D55F976D24D7}.Release|x86.ActiveCfg = Release|Any CPU
		{08922ECB-AC94-4DDE-BAEC-D55F976D24D7}.Release|x86.Build.0 = Release|Any CPU
		{DC0EE5E3-3A12-4F06-BC75-C3760B026047}.Debug|Any CPU.ActiveCfg = Debug|Any CPU
		{DC0EE5E3-3A12-4F06-BC75-C3760B026047}.Debug|Any CPU.Build.0 = Debug|Any CPU
		{DC0EE5E3-3A12-4F06-BC75-C3760B026047}.Debug|x86.ActiveCfg = Debug|Any CPU
		{DC0EE5E3-3A12-4F06-BC75-C3760B026047}.Debug|x86.Build.0 = Debug|Any CPU
		{DC0EE5E3-3A12-4F06-BC75-C3760B026047}.Release|Any CPU.ActiveCfg = Release|Any CPU
		{DC0EE5E3-3A12-4F06-BC75-C3760B026047}.Release|Any CPU.Build.0 = Release|Any CPU
		{DC0EE5E3-3A12-4F06-BC75-C3760B026047}.Release|x86.ActiveCfg = Release|Any CPU
		{DC0EE5E3-3A12-4F06-BC75-C3760B026047}.Release|x86.Build.0 = Release|Any CPU
	EndGlobalSection
	GlobalSection(SolutionProperties) = preSolution
		HideSolutionNode = FALSE
	EndGlobalSection
	GlobalSection(ExtensibilityGlobals) = postSolution
		SolutionGuid = {CAD2D448-3DB2-4710-B8C9-89ACAAF02247}
	EndGlobalSection
	GlobalSection(Performance) = preSolution
		HasPerformanceSessions = true
	EndGlobalSection
EndGlobal
