
Microsoft Visual Studio Solution File, Format Version 12.00
# Visual Studio Version 17
VisualStudioVersion = 17.2.32616.157
MinimumVisualStudioVersion = 10.0.40219.1
Project("{9A19103F-16F7-4668-BE54-9A1E7A4F7556}") = "TerrariaOverhaul.BuildTools", "TerrariaOverhaul.BuildTools.csproj", "{0B101627-B5BB-4758-8F43-151D7158ACCB}"
EndProject
Global
	GlobalSection(SolutionConfigurationPlatforms) = preSolution
		Debug|Any CPU = Debug|Any CPU
		Release|Any CPU = Release|Any CPU
	EndGlobalSection
	GlobalSection(ProjectConfigurationPlatforms) = postSolution
		{0B101627-B5BB-4758-8F43-151D7158ACCB}.Debug|Any CPU.ActiveCfg = Debug|Any CPU
		{0B101627-B5BB-4758-8F43-151D7158ACCB}.Debug|Any CPU.Build.0 = Debug|Any CPU
		{0B101627-B5BB-4758-8F43-151D7158ACCB}.Release|Any CPU.ActiveCfg = Release|Any CPU
		{0B101627-B5BB-4758-8F43-151D7158ACCB}.Release|Any CPU.Build.0 = Release|Any CPU
	EndGlobalSection
	GlobalSection(SolutionProperties) = preSolution
		HideSolutionNode = FALSE
	EndGlobalSection
	GlobalSection(ExtensibilityGlobals) = postSolution
		SolutionGuid = {6F54862B-4F98-4064-9375-BC8BAFBEFFF9}
	EndGlobalSection
EndGlobal
